// !$*UTF8*$!
{
	archiveVersion = 1;
	classes = {
	};
	objectVersion = 48;
	objects = {

/* Begin PBXBuildFile section */
		3107117F200A2477007BD798 /* NetworkTools.swift in Sources */ = {isa = PBXBuildFile; fileRef = 3107117E200A2477007BD798 /* NetworkTools.swift */; };
		31071181200A39F2007BD798 /* RecommendViewModel.swift in Sources */ = {isa = PBXBuildFile; fileRef = 31071180200A39F1007BD798 /* RecommendViewModel.swift */; };
		31071183200A3C22007BD798 /* Date-Extension.swift in Sources */ = {isa = PBXBuildFile; fileRef = 31071182200A3C22007BD798 /* Date-Extension.swift */; };
		31375B7B200B2F9900B8A952 /* AnchorGroup.swift in Sources */ = {isa = PBXBuildFile; fileRef = 31375B7A200B2F9900B8A952 /* AnchorGroup.swift */; };
		31375B7D200B39D000B8A952 /* AnchorModel.swift in Sources */ = {isa = PBXBuildFile; fileRef = 31375B7C200B39D000B8A952 /* AnchorModel.swift */; };
		313A0D182008E868009E6096 /* CollectionNormalCell.swift in Sources */ = {isa = PBXBuildFile; fileRef = 313A0D162008E868009E6096 /* CollectionNormalCell.swift */; };
		313A0D192008E868009E6096 /* CollectionNormalCell.xib in Resources */ = {isa = PBXBuildFile; fileRef = 313A0D172008E868009E6096 /* CollectionNormalCell.xib */; };
		313A0D1C2008F0F6009E6096 /* CollectionPrettyCell.swift in Sources */ = {isa = PBXBuildFile; fileRef = 313A0D1A2008F0F6009E6096 /* CollectionPrettyCell.swift */; };
		313A0D1D2008F0F6009E6096 /* CollectionPrettyCell.xib in Resources */ = {isa = PBXBuildFile; fileRef = 313A0D1B2008F0F6009E6096 /* CollectionPrettyCell.xib */; };
		5667C2C2200C74ED008051F6 /* CollectionViewBaseCell.swift in Sources */ = {isa = PBXBuildFile; fileRef = 5667C2C1200C74ED008051F6 /* CollectionViewBaseCell.swift */; };
		5667C2C4200C77D4008051F6 /* BaseGameModel.swift in Sources */ = {isa = PBXBuildFile; fileRef = 5667C2C3200C77D4008051F6 /* BaseGameModel.swift */; };
		5672E08A2019BA5700DC2B38 /* BaseViewController.swift in Sources */ = {isa = PBXBuildFile; fileRef = 5672E0892019BA5700DC2B38 /* BaseViewController.swift */; };
		5672E08C2019BABB00DC2B38 /* BaseAnchorViewController.swift in Sources */ = {isa = PBXBuildFile; fileRef = 5672E08B2019BABB00DC2B38 /* BaseAnchorViewController.swift */; };
		5672E08E2019BB4900DC2B38 /* RoomShowViewController.swift in Sources */ = {isa = PBXBuildFile; fileRef = 5672E08D2019BB4900DC2B38 /* RoomShowViewController.swift */; };
		5672E0902019BB6E00DC2B38 /* RoomNormalViewController.swift in Sources */ = {isa = PBXBuildFile; fileRef = 5672E08F2019BB6E00DC2B38 /* RoomNormalViewController.swift */; };
		5672E0922019BBAC00DC2B38 /* BaseViewModel.swift in Sources */ = {isa = PBXBuildFile; fileRef = 5672E0912019BBAC00DC2B38 /* BaseViewModel.swift */; };
		5672E0942019BE8100DC2B38 /* CustomNavigationController.swift in Sources */ = {isa = PBXBuildFile; fileRef = 5672E0932019BE8100DC2B38 /* CustomNavigationController.swift */; };
		5672E0962019C6DF00DC2B38 /* AmuseViewController.swift in Sources */ = {isa = PBXBuildFile; fileRef = 5672E0952019C6DF00DC2B38 /* AmuseViewController.swift */; };
		5672E0982019C73000DC2B38 /* AmuseViewModel.swift in Sources */ = {isa = PBXBuildFile; fileRef = 5672E0972019C73000DC2B38 /* AmuseViewModel.swift */; };
		5672E09A2019C7A900DC2B38 /* AmuseMenuView.swift in Sources */ = {isa = PBXBuildFile; fileRef = 5672E0992019C7A900DC2B38 /* AmuseMenuView.swift */; };
		5672E09C2019C7B300DC2B38 /* AmuseMenuView.xib in Resources */ = {isa = PBXBuildFile; fileRef = 5672E09B2019C7B300DC2B38 /* AmuseMenuView.xib */; };
		5672E09F2019C94B00DC2B38 /* AmuseMenuViewCell.swift in Sources */ = {isa = PBXBuildFile; fileRef = 5672E09D2019C94B00DC2B38 /* AmuseMenuViewCell.swift */; };
		5672E0A02019C94B00DC2B38 /* AmuseMenuViewCell.xib in Resources */ = {isa = PBXBuildFile; fileRef = 5672E09E2019C94B00DC2B38 /* AmuseMenuViewCell.xib */; };
		5672E0A22019CEE400DC2B38 /* FunnyViewController.swift in Sources */ = {isa = PBXBuildFile; fileRef = 5672E0A12019CEE400DC2B38 /* FunnyViewController.swift */; };
		5672E0A42019CF2800DC2B38 /* FunnyViewModel.swift in Sources */ = {isa = PBXBuildFile; fileRef = 5672E0A32019CF2800DC2B38 /* FunnyViewModel.swift */; };
		5673F2472007166200F7136E /* AppDelegate.swift in Sources */ = {isa = PBXBuildFile; fileRef = 5673F2462007166200F7136E /* AppDelegate.swift */; };
		5673F24C2007166200F7136E /* Main.storyboard in Resources */ = {isa = PBXBuildFile; fileRef = 5673F24A2007166200F7136E /* Main.storyboard */; };
		5673F24E2007166200F7136E /* Assets.xcassets in Resources */ = {isa = PBXBuildFile; fileRef = 5673F24D2007166200F7136E /* Assets.xcassets */; };
		5673F2512007166200F7136E /* LaunchScreen.storyboard in Resources */ = {isa = PBXBuildFile; fileRef = 5673F24F2007166200F7136E /* LaunchScreen.storyboard */; };
		5673F26A20073D7E00F7136E /* MainViewController.swift in Sources */ = {isa = PBXBuildFile; fileRef = 5673F26920073D7E00F7136E /* MainViewController.swift */; };
		5673F26D20073E8600F7136E /* Home.storyboard in Resources */ = {isa = PBXBuildFile; fileRef = 5673F26B20073E8600F7136E /* Home.storyboard */; };
		5673F26F20073EA700F7136E /* Live.storyboard in Resources */ = {isa = PBXBuildFile; fileRef = 5673F26E20073EA700F7136E /* Live.storyboard */; };
		5673F27220073EC800F7136E /* Follow.storyboard in Resources */ = {isa = PBXBuildFile; fileRef = 5673F27020073EC800F7136E /* Follow.storyboard */; };
		5673F27420073EDB00F7136E /* Profile.storyboard in Resources */ = {isa = PBXBuildFile; fileRef = 5673F27320073EDB00F7136E /* Profile.storyboard */; };
		5673F2792007529E00F7136E /* HomeViewController.swift in Sources */ = {isa = PBXBuildFile; fileRef = 5673F2782007529E00F7136E /* HomeViewController.swift */; };
		5673F27E2007594800F7136E /* UIBarButtonItem-Extension.swift in Sources */ = {isa = PBXBuildFile; fileRef = 5673F27D2007594800F7136E /* UIBarButtonItem-Extension.swift */; };
		5673F280200766DD00F7136E /* PageTitleView.swift in Sources */ = {isa = PBXBuildFile; fileRef = 5673F27F200766DD00F7136E /* PageTitleView.swift */; };
		5673F2822007689500F7136E /* Common.swift in Sources */ = {isa = PBXBuildFile; fileRef = 5673F2812007689500F7136E /* Common.swift */; };
		56797DA020084619000F61BA /* PageContentView.swift in Sources */ = {isa = PBXBuildFile; fileRef = 56797D9F20084619000F61BA /* PageContentView.swift */; };
		56797DA220085793000F61BA /* UIColor-Extension.swift in Sources */ = {isa = PBXBuildFile; fileRef = 56797DA120085793000F61BA /* UIColor-Extension.swift */; };
		56797DA42008A7D5000F61BA /* RecommendViewController.swift in Sources */ = {isa = PBXBuildFile; fileRef = 56797DA32008A7D5000F61BA /* RecommendViewController.swift */; };
		56797DA72008B832000F61BA /* CollectionHeaderView.swift in Sources */ = {isa = PBXBuildFile; fileRef = 56797DA52008B832000F61BA /* CollectionHeaderView.swift */; };
		56797DA82008B832000F61BA /* CollectionHeaderView.xib in Resources */ = {isa = PBXBuildFile; fileRef = 56797DA62008B832000F61BA /* CollectionHeaderView.xib */; };
		567A03AB2016DC9B0016FCB1 /* GameViewController.swift in Sources */ = {isa = PBXBuildFile; fileRef = 567A03AA2016DC9B0016FCB1 /* GameViewController.swift */; };
		567A03AD2016E14C0016FCB1 /* GameModel.swift in Sources */ = {isa = PBXBuildFile; fileRef = 567A03AC2016E14C0016FCB1 /* GameModel.swift */; };
		567A03AF2016E1EC0016FCB1 /* GameViewModel.swift in Sources */ = {isa = PBXBuildFile; fileRef = 567A03AE2016E1EC0016FCB1 /* GameViewModel.swift */; };
		567AE6C9200D956E00F706D5 /* RecommendGameView.swift in Sources */ = {isa = PBXBuildFile; fileRef = 567AE6C8200D956E00F706D5 /* RecommendGameView.swift */; };
		567AE6CB200D957900F706D5 /* RecommendGameView.xib in Resources */ = {isa = PBXBuildFile; fileRef = 567AE6CA200D957900F706D5 /* RecommendGameView.xib */; };
		567AE6CE200D98F800F706D5 /* CollectionGameCell.swift in Sources */ = {isa = PBXBuildFile; fileRef = 567AE6CC200D98F800F706D5 /* CollectionGameCell.swift */; };
		567AE6CF200D98F800F706D5 /* CollectionGameCell.xib in Resources */ = {isa = PBXBuildFile; fileRef = 567AE6CD200D98F800F706D5 /* CollectionGameCell.xib */; };
		56EEB5B5200C85A600E9BC02 /* RecommendCycleView.swift in Sources */ = {isa = PBXBuildFile; fileRef = 56EEB5B4200C85A600E9BC02 /* RecommendCycleView.swift */; };
		56EEB5B7200C85B300E9BC02 /* RecommendCycleView.xib in Resources */ = {isa = PBXBuildFile; fileRef = 56EEB5B6200C85B300E9BC02 /* RecommendCycleView.xib */; };
		56EEB5B9200C924100E9BC02 /* CycleModel.swift in Sources */ = {isa = PBXBuildFile; fileRef = 56EEB5B8200C924100E9BC02 /* CycleModel.swift */; };
		56EEB5BC200C9DB200E9BC02 /* CollectionCycleCell.swift in Sources */ = {isa = PBXBuildFile; fileRef = 56EEB5BA200C9DB200E9BC02 /* CollectionCycleCell.swift */; };
		56EEB5BD200C9DB200E9BC02 /* CollectionCycleCell.xib in Resources */ = {isa = PBXBuildFile; fileRef = 56EEB5BB200C9DB200E9BC02 /* CollectionCycleCell.xib */; };
		627AFD789698F2D69B914D02 /* Pods_DYZB.framework in Frameworks */ = {isa = PBXBuildFile; fileRef = FB464AE8221F6B9672C0F5F0 /* Pods_DYZB.framework */; };
/* End PBXBuildFile section */

/* Begin PBXFileReference section */
		3107117E200A2477007BD798 /* NetworkTools.swift */ = {isa = PBXFileReference; lastKnownFileType = sourcecode.swift; path = NetworkTools.swift; sourceTree = "<group>"; };
		31071180200A39F1007BD798 /* RecommendViewModel.swift */ = {isa = PBXFileReference; lastKnownFileType = sourcecode.swift; name = RecommendViewModel.swift; path = DYZB/Classes/Tools/RecommendViewModel.swift; sourceTree = SOURCE_ROOT; };
		31071182200A3C22007BD798 /* Date-Extension.swift */ = {isa = PBXFileReference; lastKnownFileType = sourcecode.swift; path = "Date-Extension.swift"; sourceTree = "<group>"; };
		31375B7A200B2F9900B8A952 /* AnchorGroup.swift */ = {isa = PBXFileReference; lastKnownFileType = sourcecode.swift; path = AnchorGroup.swift; sourceTree = "<group>"; };
		31375B7C200B39D000B8A952 /* AnchorModel.swift */ = {isa = PBXFileReference; lastKnownFileType = sourcecode.swift; path = AnchorModel.swift; sourceTree = "<group>"; };
		313A0D162008E868009E6096 /* CollectionNormalCell.swift */ = {isa = PBXFileReference; lastKnownFileType = sourcecode.swift; path = CollectionNormalCell.swift; sourceTree = "<group>"; };
		313A0D172008E868009E6096 /* CollectionNormalCell.xib */ = {isa = PBXFileReference; lastKnownFileType = file.xib; path = CollectionNormalCell.xib; sourceTree = "<group>"; };
		313A0D1A2008F0F6009E6096 /* CollectionPrettyCell.swift */ = {isa = PBXFileReference; lastKnownFileType = sourcecode.swift; path = CollectionPrettyCell.swift; sourceTree = "<group>"; };
		313A0D1B2008F0F6009E6096 /* CollectionPrettyCell.xib */ = {isa = PBXFileReference; lastKnownFileType = file.xib; path = CollectionPrettyCell.xib; sourceTree = "<group>"; };
		5667C2C1200C74ED008051F6 /* CollectionViewBaseCell.swift */ = {isa = PBXFileReference; lastKnownFileType = sourcecode.swift; path = CollectionViewBaseCell.swift; sourceTree = "<group>"; };
		5667C2C3200C77D4008051F6 /* BaseGameModel.swift */ = {isa = PBXFileReference; lastKnownFileType = sourcecode.swift; path = BaseGameModel.swift; sourceTree = "<group>"; };
		5672E0892019BA5700DC2B38 /* BaseViewController.swift */ = {isa = PBXFileReference; lastKnownFileType = sourcecode.swift; path = BaseViewController.swift; sourceTree = "<group>"; };
		5672E08B2019BABB00DC2B38 /* BaseAnchorViewController.swift */ = {isa = PBXFileReference; lastKnownFileType = sourcecode.swift; path = BaseAnchorViewController.swift; sourceTree = "<group>"; };
		5672E08D2019BB4900DC2B38 /* RoomShowViewController.swift */ = {isa = PBXFileReference; lastKnownFileType = sourcecode.swift; path = RoomShowViewController.swift; sourceTree = "<group>"; };
		5672E08F2019BB6E00DC2B38 /* RoomNormalViewController.swift */ = {isa = PBXFileReference; lastKnownFileType = sourcecode.swift; path = RoomNormalViewController.swift; sourceTree = "<group>"; };
		5672E0912019BBAC00DC2B38 /* BaseViewModel.swift */ = {isa = PBXFileReference; lastKnownFileType = sourcecode.swift; path = BaseViewModel.swift; sourceTree = "<group>"; };
		5672E0932019BE8100DC2B38 /* CustomNavigationController.swift */ = {isa = PBXFileReference; lastKnownFileType = sourcecode.swift; path = CustomNavigationController.swift; sourceTree = "<group>"; };
		5672E0952019C6DF00DC2B38 /* AmuseViewController.swift */ = {isa = PBXFileReference; lastKnownFileType = sourcecode.swift; path = AmuseViewController.swift; sourceTree = "<group>"; };
		5672E0972019C73000DC2B38 /* AmuseViewModel.swift */ = {isa = PBXFileReference; lastKnownFileType = sourcecode.swift; path = AmuseViewModel.swift; sourceTree = "<group>"; };
		5672E0992019C7A900DC2B38 /* AmuseMenuView.swift */ = {isa = PBXFileReference; lastKnownFileType = sourcecode.swift; path = AmuseMenuView.swift; sourceTree = "<group>"; };
		5672E09B2019C7B300DC2B38 /* AmuseMenuView.xib */ = {isa = PBXFileReference; lastKnownFileType = file.xib; path = AmuseMenuView.xib; sourceTree = "<group>"; };
		5672E09D2019C94B00DC2B38 /* AmuseMenuViewCell.swift */ = {isa = PBXFileReference; lastKnownFileType = sourcecode.swift; path = AmuseMenuViewCell.swift; sourceTree = "<group>"; };
		5672E09E2019C94B00DC2B38 /* AmuseMenuViewCell.xib */ = {isa = PBXFileReference; lastKnownFileType = file.xib; path = AmuseMenuViewCell.xib; sourceTree = "<group>"; };
		5672E0A12019CEE400DC2B38 /* FunnyViewController.swift */ = {isa = PBXFileReference; lastKnownFileType = sourcecode.swift; path = FunnyViewController.swift; sourceTree = "<group>"; };
		5672E0A32019CF2800DC2B38 /* FunnyViewModel.swift */ = {isa = PBXFileReference; lastKnownFileType = sourcecode.swift; path = FunnyViewModel.swift; sourceTree = "<group>"; };
		5673F2432007166200F7136E /* DYZB.app */ = {isa = PBXFileReference; explicitFileType = wrapper.application; includeInIndex = 0; path = DYZB.app; sourceTree = BUILT_PRODUCTS_DIR; };
		5673F2462007166200F7136E /* AppDelegate.swift */ = {isa = PBXFileReference; lastKnownFileType = sourcecode.swift; path = AppDelegate.swift; sourceTree = "<group>"; };
		5673F24B2007166200F7136E /* Base */ = {isa = PBXFileReference; lastKnownFileType = file.storyboard; name = Base; path = Base.lproj/Main.storyboard; sourceTree = "<group>"; };
		5673F24D2007166200F7136E /* Assets.xcassets */ = {isa = PBXFileReference; lastKnownFileType = folder.assetcatalog; path = Assets.xcassets; sourceTree = "<group>"; };
		5673F2502007166200F7136E /* Base */ = {isa = PBXFileReference; lastKnownFileType = file.storyboard; name = Base; path = Base.lproj/LaunchScreen.storyboard; sourceTree = "<group>"; };
		5673F2522007166200F7136E /* Info.plist */ = {isa = PBXFileReference; lastKnownFileType = text.plist.xml; path = Info.plist; sourceTree = "<group>"; };
		5673F26920073D7E00F7136E /* MainViewController.swift */ = {isa = PBXFileReference; lastKnownFileType = sourcecode.swift; path = MainViewController.swift; sourceTree = "<group>"; };
		5673F26C20073E8600F7136E /* Base */ = {isa = PBXFileReference; lastKnownFileType = file.storyboard; name = Base; path = DYZB/Classes/Main/Base.lproj/Home.storyboard; sourceTree = "<group>"; };
		5673F26E20073EA700F7136E /* Live.storyboard */ = {isa = PBXFileReference; fileEncoding = 4; lastKnownFileType = file.storyboard; path = Live.storyboard; sourceTree = "<group>"; };
		5673F27120073EC800F7136E /* Base */ = {isa = PBXFileReference; lastKnownFileType = file.storyboard; name = Base; path = DYZB/Classes/Main/Base.lproj/Follow.storyboard; sourceTree = "<group>"; };
		5673F27320073EDB00F7136E /* Profile.storyboard */ = {isa = PBXFileReference; fileEncoding = 4; lastKnownFileType = file.storyboard; path = Profile.storyboard; sourceTree = "<group>"; };
		5673F2782007529E00F7136E /* HomeViewController.swift */ = {isa = PBXFileReference; lastKnownFileType = sourcecode.swift; path = HomeViewController.swift; sourceTree = "<group>"; };
		5673F27D2007594800F7136E /* UIBarButtonItem-Extension.swift */ = {isa = PBXFileReference; lastKnownFileType = sourcecode.swift; path = "UIBarButtonItem-Extension.swift"; sourceTree = "<group>"; };
		5673F27F200766DD00F7136E /* PageTitleView.swift */ = {isa = PBXFileReference; lastKnownFileType = sourcecode.swift; path = PageTitleView.swift; sourceTree = "<group>"; };
		5673F2812007689500F7136E /* Common.swift */ = {isa = PBXFileReference; lastKnownFileType = sourcecode.swift; path = Common.swift; sourceTree = "<group>"; };
		56797D9F20084619000F61BA /* PageContentView.swift */ = {isa = PBXFileReference; lastKnownFileType = sourcecode.swift; path = PageContentView.swift; sourceTree = "<group>"; };
		56797DA120085793000F61BA /* UIColor-Extension.swift */ = {isa = PBXFileReference; lastKnownFileType = sourcecode.swift; path = "UIColor-Extension.swift"; sourceTree = "<group>"; };
		56797DA32008A7D5000F61BA /* RecommendViewController.swift */ = {isa = PBXFileReference; lastKnownFileType = sourcecode.swift; path = RecommendViewController.swift; sourceTree = "<group>"; };
		56797DA52008B832000F61BA /* CollectionHeaderView.swift */ = {isa = PBXFileReference; lastKnownFileType = sourcecode.swift; path = CollectionHeaderView.swift; sourceTree = "<group>"; };
		56797DA62008B832000F61BA /* CollectionHeaderView.xib */ = {isa = PBXFileReference; lastKnownFileType = file.xib; path = CollectionHeaderView.xib; sourceTree = "<group>"; };
		567A03AA2016DC9B0016FCB1 /* GameViewController.swift */ = {isa = PBXFileReference; lastKnownFileType = sourcecode.swift; path = GameViewController.swift; sourceTree = "<group>"; };
		567A03AC2016E14C0016FCB1 /* GameModel.swift */ = {isa = PBXFileReference; lastKnownFileType = sourcecode.swift; path = GameModel.swift; sourceTree = "<group>"; };
		567A03AE2016E1EC0016FCB1 /* GameViewModel.swift */ = {isa = PBXFileReference; lastKnownFileType = sourcecode.swift; path = GameViewModel.swift; sourceTree = "<group>"; };
		567AE6C8200D956E00F706D5 /* RecommendGameView.swift */ = {isa = PBXFileReference; lastKnownFileType = sourcecode.swift; path = RecommendGameView.swift; sourceTree = "<group>"; };
		567AE6CA200D957900F706D5 /* RecommendGameView.xib */ = {isa = PBXFileReference; lastKnownFileType = file.xib; path = RecommendGameView.xib; sourceTree = "<group>"; };
		567AE6CC200D98F800F706D5 /* CollectionGameCell.swift */ = {isa = PBXFileReference; lastKnownFileType = sourcecode.swift; path = CollectionGameCell.swift; sourceTree = "<group>"; };
		567AE6CD200D98F800F706D5 /* CollectionGameCell.xib */ = {isa = PBXFileReference; lastKnownFileType = file.xib; path = CollectionGameCell.xib; sourceTree = "<group>"; };
		56EEB5B4200C85A600E9BC02 /* RecommendCycleView.swift */ = {isa = PBXFileReference; lastKnownFileType = sourcecode.swift; path = RecommendCycleView.swift; sourceTree = "<group>"; };
		56EEB5B6200C85B300E9BC02 /* RecommendCycleView.xib */ = {isa = PBXFileReference; lastKnownFileType = file.xib; path = RecommendCycleView.xib; sourceTree = "<group>"; };
		56EEB5B8200C924100E9BC02 /* CycleModel.swift */ = {isa = PBXFileReference; lastKnownFileType = sourcecode.swift; path = CycleModel.swift; sourceTree = "<group>"; };
		56EEB5BA200C9DB200E9BC02 /* CollectionCycleCell.swift */ = {isa = PBXFileReference; lastKnownFileType = sourcecode.swift; path = CollectionCycleCell.swift; sourceTree = "<group>"; };
		56EEB5BB200C9DB200E9BC02 /* CollectionCycleCell.xib */ = {isa = PBXFileReference; lastKnownFileType = file.xib; path = CollectionCycleCell.xib; sourceTree = "<group>"; };
		772D1474B1FCA15B311A3A1D /* Pods-DYZB.release.xcconfig */ = {isa = PBXFileReference; includeInIndex = 1; lastKnownFileType = text.xcconfig; name = "Pods-DYZB.release.xcconfig"; path = "Pods/Target Support Files/Pods-DYZB/Pods-DYZB.release.xcconfig"; sourceTree = "<group>"; };
		A2100697C5EEC7128517766B /* Pods-DYZB.debug.xcconfig */ = {isa = PBXFileReference; includeInIndex = 1; lastKnownFileType = text.xcconfig; name = "Pods-DYZB.debug.xcconfig"; path = "Pods/Target Support Files/Pods-DYZB/Pods-DYZB.debug.xcconfig"; sourceTree = "<group>"; };
		FB464AE8221F6B9672C0F5F0 /* Pods_DYZB.framework */ = {isa = PBXFileReference; explicitFileType = wrapper.framework; includeInIndex = 0; path = Pods_DYZB.framework; sourceTree = BUILT_PRODUCTS_DIR; };
/* End PBXFileReference section */

/* Begin PBXFrameworksBuildPhase section */
		5673F2402007166200F7136E /* Frameworks */ = {
			isa = PBXFrameworksBuildPhase;
			buildActionMask = 2147483647;
			files = (
				627AFD789698F2D69B914D02 /* Pods_DYZB.framework in Frameworks */,
			);
			runOnlyForDeploymentPostprocessing = 0;
		};
/* End PBXFrameworksBuildPhase section */

/* Begin PBXGroup section */
		31375B79200B2F8700B8A952 /* Model */ = {
			isa = PBXGroup;
			children = (
				31375B7A200B2F9900B8A952 /* AnchorGroup.swift */,
				31375B7C200B39D000B8A952 /* AnchorModel.swift */,
				5667C2C3200C77D4008051F6 /* BaseGameModel.swift */,
			);
			path = Model;
			sourceTree = "<group>";
		};
		5673F23A2007166200F7136E = {
			isa = PBXGroup;
			children = (
				5673F2452007166200F7136E /* DYZB */,
				5673F2442007166200F7136E /* Products */,
				9D24843825FD2EEACAF4B6DB /* Pods */,
				58E997DC059FB9E0780C6EED /* Frameworks */,
			);
			sourceTree = "<group>";
		};
		5673F2442007166200F7136E /* Products */ = {
			isa = PBXGroup;
			children = (
				5673F2432007166200F7136E /* DYZB.app */,
			);
			name = Products;
			sourceTree = "<group>";
		};
		5673F2452007166200F7136E /* DYZB */ = {
			isa = PBXGroup;
			children = (
				5673F2582007380700F7136E /* Classes */,
				5673F2462007166200F7136E /* AppDelegate.swift */,
				5673F24D2007166200F7136E /* Assets.xcassets */,
				5673F24F2007166200F7136E /* LaunchScreen.storyboard */,
				5673F2522007166200F7136E /* Info.plist */,
			);
			path = DYZB;
			sourceTree = "<group>";
		};
		5673F2582007380700F7136E /* Classes */ = {
			isa = PBXGroup;
			children = (
				5673F27720073F1800F7136E /* Live */,
				5673F27620073F0F00F7136E /* Follow */,
				5673F27520073F0400F7136E /* Profile */,
				5673F2592007380700F7136E /* Home */,
				5673F25E2007380700F7136E /* Main */,
				5673F2632007380700F7136E /* Room */,
				5673F2682007380700F7136E /* Tools */,
			);
			path = Classes;
			sourceTree = "<group>";
		};
		5673F2592007380700F7136E /* Home */ = {
			isa = PBXGroup;
			children = (
				5673F25A2007380700F7136E /* Controller */,
				5673F25B2007380700F7136E /* Model */,
				5673F25C2007380700F7136E /* View */,
				5673F25D2007380700F7136E /* ViewModel */,
			);
			path = Home;
			sourceTree = "<group>";
		};
		5673F25A2007380700F7136E /* Controller */ = {
			isa = PBXGroup;
			children = (
				5673F26B20073E8600F7136E /* Home.storyboard */,
				5673F2782007529E00F7136E /* HomeViewController.swift */,
				56797DA32008A7D5000F61BA /* RecommendViewController.swift */,
				567A03AA2016DC9B0016FCB1 /* GameViewController.swift */,
				5672E0952019C6DF00DC2B38 /* AmuseViewController.swift */,
				5672E0A12019CEE400DC2B38 /* FunnyViewController.swift */,
			);
			path = Controller;
			sourceTree = "<group>";
		};
		5673F25B2007380700F7136E /* Model */ = {
			isa = PBXGroup;
			children = (
				56EEB5B8200C924100E9BC02 /* CycleModel.swift */,
				567A03AC2016E14C0016FCB1 /* GameModel.swift */,
			);
			path = Model;
			sourceTree = "<group>";
		};
		5673F25C2007380700F7136E /* View */ = {
			isa = PBXGroup;
			children = (
				56797DA52008B832000F61BA /* CollectionHeaderView.swift */,
				56797DA62008B832000F61BA /* CollectionHeaderView.xib */,
				56EEB5B4200C85A600E9BC02 /* RecommendCycleView.swift */,
				56EEB5B6200C85B300E9BC02 /* RecommendCycleView.xib */,
				56EEB5BA200C9DB200E9BC02 /* CollectionCycleCell.swift */,
				56EEB5BB200C9DB200E9BC02 /* CollectionCycleCell.xib */,
				567AE6C8200D956E00F706D5 /* RecommendGameView.swift */,
				567AE6CA200D957900F706D5 /* RecommendGameView.xib */,
				567AE6CC200D98F800F706D5 /* CollectionGameCell.swift */,
				567AE6CD200D98F800F706D5 /* CollectionGameCell.xib */,
				5672E0992019C7A900DC2B38 /* AmuseMenuView.swift */,
				5672E09B2019C7B300DC2B38 /* AmuseMenuView.xib */,
				5672E09D2019C94B00DC2B38 /* AmuseMenuViewCell.swift */,
				5672E09E2019C94B00DC2B38 /* AmuseMenuViewCell.xib */,
			);
			path = View;
			sourceTree = "<group>";
		};
		5673F25D2007380700F7136E /* ViewModel */ = {
			isa = PBXGroup;
			children = (
				31071180200A39F1007BD798 /* RecommendViewModel.swift */,
				567A03AE2016E1EC0016FCB1 /* GameViewModel.swift */,
				5672E0972019C73000DC2B38 /* AmuseViewModel.swift */,
				5672E0A32019CF2800DC2B38 /* FunnyViewModel.swift */,
			);
			path = ViewModel;
			sourceTree = "<group>";
		};
		5673F25E2007380700F7136E /* Main */ = {
			isa = PBXGroup;
			children = (
				31375B79200B2F8700B8A952 /* Model */,
				5673F25F2007380700F7136E /* Controller */,
				5673F2612007380700F7136E /* View */,
				5673F2622007380700F7136E /* ViewModel */,
			);
			path = Main;
			sourceTree = "<group>";
		};
		5673F25F2007380700F7136E /* Controller */ = {
			isa = PBXGroup;
			children = (
				5673F24A2007166200F7136E /* Main.storyboard */,
				5673F26920073D7E00F7136E /* MainViewController.swift */,
				5672E0892019BA5700DC2B38 /* BaseViewController.swift */,
				5672E08B2019BABB00DC2B38 /* BaseAnchorViewController.swift */,
				5672E0932019BE8100DC2B38 /* CustomNavigationController.swift */,
			);
			path = Controller;
			sourceTree = "<group>";
		};
		5673F2612007380700F7136E /* View */ = {
			isa = PBXGroup;
			children = (
				5673F27F200766DD00F7136E /* PageTitleView.swift */,
				56797D9F20084619000F61BA /* PageContentView.swift */,
				313A0D162008E868009E6096 /* CollectionNormalCell.swift */,
				313A0D172008E868009E6096 /* CollectionNormalCell.xib */,
				313A0D1A2008F0F6009E6096 /* CollectionPrettyCell.swift */,
				313A0D1B2008F0F6009E6096 /* CollectionPrettyCell.xib */,
				5667C2C1200C74ED008051F6 /* CollectionViewBaseCell.swift */,
			);
			path = View;
			sourceTree = "<group>";
		};
		5673F2622007380700F7136E /* ViewModel */ = {
			isa = PBXGroup;
			children = (
				5672E0912019BBAC00DC2B38 /* BaseViewModel.swift */,
			);
			path = ViewModel;
			sourceTree = "<group>";
		};
		5673F2632007380700F7136E /* Room */ = {
			isa = PBXGroup;
			children = (
				5673F2642007380700F7136E /* Controller */,
				5673F2652007380700F7136E /* Model */,
				5673F2662007380700F7136E /* View */,
				5673F2672007380700F7136E /* ViewModel */,
			);
			path = Room;
			sourceTree = "<group>";
		};
		5673F2642007380700F7136E /* Controller */ = {
			isa = PBXGroup;
			children = (
				5672E08D2019BB4900DC2B38 /* RoomShowViewController.swift */,
				5672E08F2019BB6E00DC2B38 /* RoomNormalViewController.swift */,
			);
			path = Controller;
			sourceTree = "<group>";
		};
		5673F2652007380700F7136E /* Model */ = {
			isa = PBXGroup;
			children = (
			);
			path = Model;
			sourceTree = "<group>";
		};
		5673F2662007380700F7136E /* View */ = {
			isa = PBXGroup;
			children = (
			);
			path = View;
			sourceTree = "<group>";
		};
		5673F2672007380700F7136E /* ViewModel */ = {
			isa = PBXGroup;
			children = (
			);
			path = ViewModel;
			sourceTree = "<group>";
		};
		5673F2682007380700F7136E /* Tools */ = {
			isa = PBXGroup;
			children = (
				5673F27A2007557A00F7136E /* Extension */,
				5673F2812007689500F7136E /* Common.swift */,
				3107117E200A2477007BD798 /* NetworkTools.swift */,
			);
			path = Tools;
			sourceTree = "<group>";
		};
		5673F27520073F0400F7136E /* Profile */ = {
			isa = PBXGroup;
			children = (
				5673F27320073EDB00F7136E /* Profile.storyboard */,
			);
			path = Profile;
			sourceTree = "<group>";
		};
		5673F27620073F0F00F7136E /* Follow */ = {
			isa = PBXGroup;
			children = (
				5673F27020073EC800F7136E /* Follow.storyboard */,
			);
			path = Follow;
			sourceTree = "<group>";
		};
		5673F27720073F1800F7136E /* Live */ = {
			isa = PBXGroup;
			children = (
				5673F26E20073EA700F7136E /* Live.storyboard */,
			);
			path = Live;
			sourceTree = "<group>";
		};
		5673F27A2007557A00F7136E /* Extension */ = {
			isa = PBXGroup;
			children = (
				5673F27D2007594800F7136E /* UIBarButtonItem-Extension.swift */,
				56797DA120085793000F61BA /* UIColor-Extension.swift */,
				31071182200A3C22007BD798 /* Date-Extension.swift */,
			);
			path = Extension;
			sourceTree = "<group>";
		};
		58E997DC059FB9E0780C6EED /* Frameworks */ = {
			isa = PBXGroup;
			children = (
				FB464AE8221F6B9672C0F5F0 /* Pods_DYZB.framework */,
			);
			name = Frameworks;
			sourceTree = "<group>";
		};
		9D24843825FD2EEACAF4B6DB /* Pods */ = {
			isa = PBXGroup;
			children = (
				A2100697C5EEC7128517766B /* Pods-DYZB.debug.xcconfig */,
				772D1474B1FCA15B311A3A1D /* Pods-DYZB.release.xcconfig */,
			);
			name = Pods;
			sourceTree = "<group>";
		};
/* End PBXGroup section */

/* Begin PBXNativeTarget section */
		5673F2422007166200F7136E /* DYZB */ = {
			isa = PBXNativeTarget;
			buildConfigurationList = 5673F2552007166200F7136E /* Build configuration list for PBXNativeTarget "DYZB" */;
			buildPhases = (
				8FA428B60EB8F9A13EEBED04 /* [CP] Check Pods Manifest.lock */,
				5673F23F2007166200F7136E /* Sources */,
				5673F2402007166200F7136E /* Frameworks */,
				5673F2412007166200F7136E /* Resources */,
				55F5144C61665BAB07B841AE /* [CP] Embed Pods Frameworks */,
				AB1032EB2DB72443F19818BD /* [CP] Copy Pods Resources */,
			);
			buildRules = (
			);
			dependencies = (
			);
			name = DYZB;
			productName = DYZB;
			productReference = 5673F2432007166200F7136E /* DYZB.app */;
			productType = "com.apple.product-type.application";
		};
/* End PBXNativeTarget section */

/* Begin PBXProject section */
		5673F23B2007166200F7136E /* Project object */ = {
			isa = PBXProject;
			attributes = {
				LastSwiftUpdateCheck = 0910;
				LastUpgradeCheck = 0910;
				TargetAttributes = {
					5673F2422007166200F7136E = {
						CreatedOnToolsVersion = 9.1;
						ProvisioningStyle = Automatic;
					};
				};
			};
			buildConfigurationList = 5673F23E2007166200F7136E /* Build configuration list for PBXProject "DYZB" */;
			compatibilityVersion = "Xcode 8.0";
			developmentRegion = en;
			hasScannedForEncodings = 0;
			knownRegions = (
				en,
				Base,
			);
			mainGroup = 5673F23A2007166200F7136E;
			productRefGroup = 5673F2442007166200F7136E /* Products */;
			projectDirPath = "";
			projectRoot = "";
			targets = (
				5673F2422007166200F7136E /* DYZB */,
			);
		};
/* End PBXProject section */

/* Begin PBXResourcesBuildPhase section */
		5673F2412007166200F7136E /* Resources */ = {
			isa = PBXResourcesBuildPhase;
			buildActionMask = 2147483647;
			files = (
				5673F2512007166200F7136E /* LaunchScreen.storyboard in Resources */,
				5672E0A02019C94B00DC2B38 /* AmuseMenuViewCell.xib in Resources */,
				56797DA82008B832000F61BA /* CollectionHeaderView.xib in Resources */,
				313A0D192008E868009E6096 /* CollectionNormalCell.xib in Resources */,
				5673F24E2007166200F7136E /* Assets.xcassets in Resources */,
				5673F24C2007166200F7136E /* Main.storyboard in Resources */,
				5673F26F20073EA700F7136E /* Live.storyboard in Resources */,
				5673F26D20073E8600F7136E /* Home.storyboard in Resources */,
				567AE6CF200D98F800F706D5 /* CollectionGameCell.xib in Resources */,
				5672E09C2019C7B300DC2B38 /* AmuseMenuView.xib in Resources */,
				56EEB5B7200C85B300E9BC02 /* RecommendCycleView.xib in Resources */,
				56EEB5BD200C9DB200E9BC02 /* CollectionCycleCell.xib in Resources */,
				313A0D1D2008F0F6009E6096 /* CollectionPrettyCell.xib in Resources */,
				5673F27420073EDB00F7136E /* Profile.storyboard in Resources */,
				567AE6CB200D957900F706D5 /* RecommendGameView.xib in Resources */,
				5673F27220073EC800F7136E /* Follow.storyboard in Resources */,
			);
			runOnlyForDeploymentPostprocessing = 0;
		};
/* End PBXResourcesBuildPhase section */

/* Begin PBXShellScriptBuildPhase section */
		55F5144C61665BAB07B841AE /* [CP] Embed Pods Frameworks */ = {
			isa = PBXShellScriptBuildPhase;
			buildActionMask = 2147483647;
			files = (
			);
			inputPaths = (
				"${SRCROOT}/Pods/Target Support Files/Pods-DYZB/Pods-DYZB-frameworks.sh",
				"${BUILT_PRODUCTS_DIR}/Alamofire/Alamofire.framework",
				"${BUILT_PRODUCTS_DIR}/Kingfisher/Kingfisher.framework",
			);
			name = "[CP] Embed Pods Frameworks";
			outputPaths = (
				"${TARGET_BUILD_DIR}/${FRAMEWORKS_FOLDER_PATH}/Alamofire.framework",
				"${TARGET_BUILD_DIR}/${FRAMEWORKS_FOLDER_PATH}/Kingfisher.framework",
			);
			runOnlyForDeploymentPostprocessing = 0;
			shellPath = /bin/sh;
			shellScript = "\"${SRCROOT}/Pods/Target Support Files/Pods-DYZB/Pods-DYZB-frameworks.sh\"\n";
			showEnvVarsInLog = 0;
		};
		8FA428B60EB8F9A13EEBED04 /* [CP] Check Pods Manifest.lock */ = {
			isa = PBXShellScriptBuildPhase;
			buildActionMask = 2147483647;
			files = (
			);
			inputPaths = (
				"${PODS_PODFILE_DIR_PATH}/Podfile.lock",
				"${PODS_ROOT}/Manifest.lock",
			);
			name = "[CP] Check Pods Manifest.lock";
			outputPaths = (
				"$(DERIVED_FILE_DIR)/Pods-DYZB-checkManifestLockResult.txt",
			);
			runOnlyForDeploymentPostprocessing = 0;
			shellPath = /bin/sh;
			shellScript = "diff \"${PODS_PODFILE_DIR_PATH}/Podfile.lock\" \"${PODS_ROOT}/Manifest.lock\" > /dev/null\nif [ $? != 0 ] ; then\n    # print error to STDERR\n    echo \"error: The sandbox is not in sync with the Podfile.lock. Run 'pod install' or update your CocoaPods installation.\" >&2\n    exit 1\nfi\n# This output is used by Xcode 'outputs' to avoid re-running this script phase.\necho \"SUCCESS\" > \"${SCRIPT_OUTPUT_FILE_0}\"\n";
			showEnvVarsInLog = 0;
		};
		AB1032EB2DB72443F19818BD /* [CP] Copy Pods Resources */ = {
			isa = PBXShellScriptBuildPhase;
			buildActionMask = 2147483647;
			files = (
			);
			inputPaths = (
			);
			name = "[CP] Copy Pods Resources";
			outputPaths = (
			);
			runOnlyForDeploymentPostprocessing = 0;
			shellPath = /bin/sh;
			shellScript = "\"${SRCROOT}/Pods/Target Support Files/Pods-DYZB/Pods-DYZB-resources.sh\"\n";
			showEnvVarsInLog = 0;
		};
/* End PBXShellScriptBuildPhase section */

/* Begin PBXSourcesBuildPhase section */
		5673F23F2007166200F7136E /* Sources */ = {
			isa = PBXSourcesBuildPhase;
			buildActionMask = 2147483647;
			files = (
				5673F2472007166200F7136E /* AppDelegate.swift in Sources */,
				5672E0A22019CEE400DC2B38 /* FunnyViewController.swift in Sources */,
				56797DA72008B832000F61BA /* CollectionHeaderView.swift in Sources */,
				56797DA220085793000F61BA /* UIColor-Extension.swift in Sources */,
				56797DA42008A7D5000F61BA /* RecommendViewController.swift in Sources */,
				5672E08A2019BA5700DC2B38 /* BaseViewController.swift in Sources */,
				5672E09A2019C7A900DC2B38 /* AmuseMenuView.swift in Sources */,
				5672E0942019BE8100DC2B38 /* CustomNavigationController.swift in Sources */,
				5672E08C2019BABB00DC2B38 /* BaseAnchorViewController.swift in Sources */,
				567AE6C9200D956E00F706D5 /* RecommendGameView.swift in Sources */,
				5672E09F2019C94B00DC2B38 /* AmuseMenuViewCell.swift in Sources */,
				567A03AB2016DC9B0016FCB1 /* GameViewController.swift in Sources */,
				31375B7B200B2F9900B8A952 /* AnchorGroup.swift in Sources */,
				5673F26A20073D7E00F7136E /* MainViewController.swift in Sources */,
				56EEB5B9200C924100E9BC02 /* CycleModel.swift in Sources */,
				567A03AF2016E1EC0016FCB1 /* GameViewModel.swift in Sources */,
				5673F280200766DD00F7136E /* PageTitleView.swift in Sources */,
				56797DA020084619000F61BA /* PageContentView.swift in Sources */,
				567A03AD2016E14C0016FCB1 /* GameModel.swift in Sources */,
				5672E0982019C73000DC2B38 /* AmuseViewModel.swift in Sources */,
				5673F27E2007594800F7136E /* UIBarButtonItem-Extension.swift in Sources */,
				5667C2C2200C74ED008051F6 /* CollectionViewBaseCell.swift in Sources */,
				5672E0962019C6DF00DC2B38 /* AmuseViewController.swift in Sources */,
				5672E0922019BBAC00DC2B38 /* BaseViewModel.swift in Sources */,
				31071183200A3C22007BD798 /* Date-Extension.swift in Sources */,
				5672E08E2019BB4900DC2B38 /* RoomShowViewController.swift in Sources */,
				5673F2822007689500F7136E /* Common.swift in Sources */,
				313A0D1C2008F0F6009E6096 /* CollectionPrettyCell.swift in Sources */,
				5672E0A42019CF2800DC2B38 /* FunnyViewModel.swift in Sources */,
				5672E0902019BB6E00DC2B38 /* RoomNormalViewController.swift in Sources */,
				313A0D182008E868009E6096 /* CollectionNormalCell.swift in Sources */,
				3107117F200A2477007BD798 /* NetworkTools.swift in Sources */,
				567AE6CE200D98F800F706D5 /* CollectionGameCell.swift in Sources */,
				5667C2C4200C77D4008051F6 /* BaseGameModel.swift in Sources */,
				56EEB5B5200C85A600E9BC02 /* RecommendCycleView.swift in Sources */,
				5673F2792007529E00F7136E /* HomeViewController.swift in Sources */,
				31071181200A39F2007BD798 /* RecommendViewModel.swift in Sources */,
				56EEB5BC200C9DB200E9BC02 /* CollectionCycleCell.swift in Sources */,
				31375B7D200B39D000B8A952 /* AnchorModel.swift in Sources */,
			);
			runOnlyForDeploymentPostprocessing = 0;
		};
/* End PBXSourcesBuildPhase section */

/* Begin PBXVariantGroup section */
		5673F24A2007166200F7136E /* Main.storyboard */ = {
			isa = PBXVariantGroup;
			children = (
				5673F24B2007166200F7136E /* Base */,
			);
			name = Main.storyboard;
			sourceTree = "<group>";
		};
		5673F24F2007166200F7136E /* LaunchScreen.storyboard */ = {
			isa = PBXVariantGroup;
			children = (
				5673F2502007166200F7136E /* Base */,
			);
			name = LaunchScreen.storyboard;
			sourceTree = "<group>";
		};
		5673F26B20073E8600F7136E /* Home.storyboard */ = {
			isa = PBXVariantGroup;
			children = (
				5673F26C20073E8600F7136E /* Base */,
			);
			name = Home.storyboard;
			sourceTree = "<group>";
		};
		5673F27020073EC800F7136E /* Follow.storyboard */ = {
			isa = PBXVariantGroup;
			children = (
				5673F27120073EC800F7136E /* Base */,
			);
			name = Follow.storyboard;
			sourceTree = "<group>";
		};
/* End PBXVariantGroup section */

/* Begin XCBuildConfiguration section */
		5673F2532007166200F7136E /* Debug */ = {
			isa = XCBuildConfiguration;
			buildSettings = {
				ALWAYS_SEARCH_USER_PATHS = NO;
				CLANG_ANALYZER_NONNULL = YES;
				CLANG_ANALYZER_NUMBER_OBJECT_CONVERSION = YES_AGGRESSIVE;
				CLANG_CXX_LANGUAGE_STANDARD = "gnu++14";
				CLANG_CXX_LIBRARY = "libc++";
				CLANG_ENABLE_MODULES = YES;
				CLANG_ENABLE_OBJC_ARC = YES;
				CLANG_WARN_BLOCK_CAPTURE_AUTORELEASING = YES;
				CLANG_WARN_BOOL_CONVERSION = YES;
				CLANG_WARN_COMMA = YES;
				CLANG_WARN_CONSTANT_CONVERSION = YES;
				CLANG_WARN_DIRECT_OBJC_ISA_USAGE = YES_ERROR;
				CLANG_WARN_DOCUMENTATION_COMMENTS = YES;
				CLANG_WARN_EMPTY_BODY = YES;
				CLANG_WARN_ENUM_CONVERSION = YES;
				CLANG_WARN_INFINITE_RECURSION = YES;
				CLANG_WARN_INT_CONVERSION = YES;
				CLANG_WARN_NON_LITERAL_NULL_CONVERSION = YES;
				CLANG_WARN_OBJC_LITERAL_CONVERSION = YES;
				CLANG_WARN_OBJC_ROOT_CLASS = YES_ERROR;
				CLANG_WARN_RANGE_LOOP_ANALYSIS = YES;
				CLANG_WARN_STRICT_PROTOTYPES = YES;
				CLANG_WARN_SUSPICIOUS_MOVE = YES;
				CLANG_WARN_UNGUARDED_AVAILABILITY = YES_AGGRESSIVE;
				CLANG_WARN_UNREACHABLE_CODE = YES;
				CLANG_WARN__DUPLICATE_METHOD_MATCH = YES;
				CODE_SIGN_IDENTITY = "iPhone Developer";
				COPY_PHASE_STRIP = NO;
				DEBUG_INFORMATION_FORMAT = dwarf;
				ENABLE_STRICT_OBJC_MSGSEND = YES;
				ENABLE_TESTABILITY = YES;
				GCC_C_LANGUAGE_STANDARD = gnu11;
				GCC_DYNAMIC_NO_PIC = NO;
				GCC_NO_COMMON_BLOCKS = YES;
				GCC_OPTIMIZATION_LEVEL = 0;
				GCC_PREPROCESSOR_DEFINITIONS = (
					"DEBUG=1",
					"$(inherited)",
				);
				GCC_WARN_64_TO_32_BIT_CONVERSION = YES;
				GCC_WARN_ABOUT_RETURN_TYPE = YES_ERROR;
				GCC_WARN_UNDECLARED_SELECTOR = YES;
				GCC_WARN_UNINITIALIZED_AUTOS = YES_AGGRESSIVE;
				GCC_WARN_UNUSED_FUNCTION = YES;
				GCC_WARN_UNUSED_VARIABLE = YES;
				IPHONEOS_DEPLOYMENT_TARGET = 11.1;
				MTL_ENABLE_DEBUG_INFO = YES;
				ONLY_ACTIVE_ARCH = YES;
				SDKROOT = iphoneos;
				SWIFT_ACTIVE_COMPILATION_CONDITIONS = DEBUG;
				SWIFT_OPTIMIZATION_LEVEL = "-Onone";
			};
			name = Debug;
		};
		5673F2542007166200F7136E /* Release */ = {
			isa = XCBuildConfiguration;
			buildSettings = {
				ALWAYS_SEARCH_USER_PATHS = NO;
				CLANG_ANALYZER_NONNULL = YES;
				CLANG_ANALYZER_NUMBER_OBJECT_CONVERSION = YES_AGGRESSIVE;
				CLANG_CXX_LANGUAGE_STANDARD = "gnu++14";
				CLANG_CXX_LIBRARY = "libc++";
				CLANG_ENABLE_MODULES = YES;
				CLANG_ENABLE_OBJC_ARC = YES;
				CLANG_WARN_BLOCK_CAPTURE_AUTORELEASING = YES;
				CLANG_WARN_BOOL_CONVERSION = YES;
				CLANG_WARN_COMMA = YES;
				CLANG_WARN_CONSTANT_CONVERSION = YES;
				CLANG_WARN_DIRECT_OBJC_ISA_USAGE = YES_ERROR;
				CLANG_WARN_DOCUMENTATION_COMMENTS = YES;
				CLANG_WARN_EMPTY_BODY = YES;
				CLANG_WARN_ENUM_CONVERSION = YES;
				CLANG_WARN_INFINITE_RECURSION = YES;
				CLANG_WARN_INT_CONVERSION = YES;
				CLANG_WARN_NON_LITERAL_NULL_CONVERSION = YES;
				CLANG_WARN_OBJC_LITERAL_CONVERSION = YES;
				CLANG_WARN_OBJC_ROOT_CLASS = YES_ERROR;
				CLANG_WARN_RANGE_LOOP_ANALYSIS = YES;
				CLANG_WARN_STRICT_PROTOTYPES = YES;
				CLANG_WARN_SUSPICIOUS_MOVE = YES;
				CLANG_WARN_UNGUARDED_AVAILABILITY = YES_AGGRESSIVE;
				CLANG_WARN_UNREACHABLE_CODE = YES;
				CLANG_WARN__DUPLICATE_METHOD_MATCH = YES;
				CODE_SIGN_IDENTITY = "iPhone Developer";
				COPY_PHASE_STRIP = NO;
				DEBUG_INFORMATION_FORMAT = "dwarf-with-dsym";
				ENABLE_NS_ASSERTIONS = NO;
				ENABLE_STRICT_OBJC_MSGSEND = YES;
				GCC_C_LANGUAGE_STANDARD = gnu11;
				GCC_NO_COMMON_BLOCKS = YES;
				GCC_WARN_64_TO_32_BIT_CONVERSION = YES;
				GCC_WARN_ABOUT_RETURN_TYPE = YES_ERROR;
				GCC_WARN_UNDECLARED_SELECTOR = YES;
				GCC_WARN_UNINITIALIZED_AUTOS = YES_AGGRESSIVE;
				GCC_WARN_UNUSED_FUNCTION = YES;
				GCC_WARN_UNUSED_VARIABLE = YES;
				IPHONEOS_DEPLOYMENT_TARGET = 11.1;
				MTL_ENABLE_DEBUG_INFO = NO;
				SDKROOT = iphoneos;
				SWIFT_OPTIMIZATION_LEVEL = "-Owholemodule";
				VALIDATE_PRODUCT = YES;
			};
			name = Release;
		};
		5673F2562007166200F7136E /* Debug */ = {
			isa = XCBuildConfiguration;
			baseConfigurationReference = A2100697C5EEC7128517766B /* Pods-DYZB.debug.xcconfig */;
			buildSettings = {
				ASSETCATALOG_COMPILER_APPICON_NAME = AppIcon;
				ASSETCATALOG_COMPILER_LAUNCHIMAGE_NAME = LaunchImage;
				CODE_SIGN_STYLE = Automatic;
				DEVELOPMENT_TEAM = W5NMGQT6A5;
				INFOPLIST_FILE = DYZB/Info.plist;
				IPHONEOS_DEPLOYMENT_TARGET = 9.0;
				LD_RUNPATH_SEARCH_PATHS = "$(inherited) @executable_path/Frameworks";
				PRODUCT_BUNDLE_IDENTIFIER = xiaochen.DYZB;
				PRODUCT_NAME = "$(TARGET_NAME)";
				SWIFT_VERSION = 4.0;
				TARGETED_DEVICE_FAMILY = 1;
			};
			name = Debug;
		};
		5673F2572007166200F7136E /* Release */ = {
			isa = XCBuildConfiguration;
			baseConfigurationReference = 772D1474B1FCA15B311A3A1D /* Pods-DYZB.release.xcconfig */;
			buildSettings = {
				ASSETCATALOG_COMPILER_APPICON_NAME = AppIcon;
				ASSETCATALOG_COMPILER_LAUNCHIMAGE_NAME = LaunchImage;
				CODE_SIGN_STYLE = Automatic;
				DEVELOPMENT_TEAM = W5NMGQT6A5;
				INFOPLIST_FILE = DYZB/Info.plist;
				IPHONEOS_DEPLOYMENT_TARGET = 9.0;
				LD_RUNPATH_SEARCH_PATHS = "$(inherited) @executable_path/Frameworks";
				PRODUCT_BUNDLE_IDENTIFIER = xiaochen.DYZB;
				PRODUCT_NAME = "$(TARGET_NAME)";
				SWIFT_VERSION = 4.0;
				TARGETED_DEVICE_FAMILY = 1;
			};
			name = Release;
		};
/* End XCBuildConfiguration section */

/* Begin XCConfigurationList section */
		5673F23E2007166200F7136E /* Build configuration list for PBXProject "DYZB" */ = {
			isa = XCConfigurationList;
			buildConfigurations = (
				5673F2532007166200F7136E /* Debug */,
				5673F2542007166200F7136E /* Release */,
			);
			defaultConfigurationIsVisible = 0;
			defaultConfigurationName = Release;
		};
		5673F2552007166200F7136E /* Build configuration list for PBXNativeTarget "DYZB" */ = {
			isa = XCConfigurationList;
			buildConfigurations = (
				5673F2562007166200F7136E /* Debug */,
				5673F2572007166200F7136E /* Release */,
			);
			defaultConfigurationIsVisible = 0;
			defaultConfigurationName = Release;
		};
/* End XCConfigurationList section */
	};
	rootObject = 5673F23B2007166200F7136E /* Project object */;
}
