// !$*UTF8*$!
{
	archiveVersion = 1;
	classes = {
	};
	objectVersion = 48;
	objects = {

/* Begin PBXBuildFile section */
		5673F2472007166200F7136E /* AppDelegate.swift in Sources */ = {isa = PBXBuildFile; fileRef = 5673F2462007166200F7136E /* AppDelegate.swift */; };
		5673F24C2007166200F7136E /* Main.storyboard in Resources */ = {isa = PBXBuildFile; fileRef = 5673F24A2007166200F7136E /* Main.storyboard */; };
		5673F24E2007166200F7136E /* Assets.xcassets in Resources */ = {isa = PBXBuildFile; fileRef = 5673F24D2007166200F7136E /* Assets.xcassets */; };
		5673F2512007166200F7136E /* LaunchScreen.storyboard in Resources */ = {isa = PBXBuildFile; fileRef = 5673F24F2007166200F7136E /* LaunchScreen.storyboard */; };
		5673F26A20073D7E00F7136E /* MainViewController.swift in Sources */ = {isa = PBXBuildFile; fileRef = 5673F26920073D7E00F7136E /* MainViewController.swift */; };
		5673F26D20073E8600F7136E /* Home.storyboard in Resources */ = {isa = PBXBuildFile; fileRef = 5673F26B20073E8600F7136E /* Home.storyboard */; };
		5673F26F20073EA700F7136E /* Live.storyboard in Resources */ = {isa = PBXBuildFile; fileRef = 5673F26E20073EA700F7136E /* Live.storyboard */; };
		5673F27220073EC800F7136E /* Follow.storyboard in Resources */ = {isa = PBXBuildFile; fileRef = 5673F27020073EC800F7136E /* Follow.storyboard */; };
		5673F27420073EDB00F7136E /* Profile.storyboard in Resources */ = {isa = PBXBuildFile; fileRef = 5673F27320073EDB00F7136E /* Profile.storyboard */; };
		5673F2792007529E00F7136E /* HomeViewController.swift in Sources */ = {isa = PBXBuildFile; fileRef = 5673F2782007529E00F7136E /* HomeViewController.swift */; };
		5673F27E2007594800F7136E /* UIBarButtonItem-Extension.swift in Sources */ = {isa = PBXBuildFile; fileRef = 5673F27D2007594800F7136E /* UIBarButtonItem-Extension.swift */; };
		5673F280200766DD00F7136E /* PageTitleView.swift in Sources */ = {isa = PBXBuildFile; fileRef = 5673F27F200766DD00F7136E /* PageTitleView.swift */; };
		5673F2822007689500F7136E /* Common.swift in Sources */ = {isa = PBXBuildFile; fileRef = 5673F2812007689500F7136E /* Common.swift */; };
		56797DA020084619000F61BA /* PageContentView.swift in Sources */ = {isa = PBXBuildFile; fileRef = 56797D9F20084619000F61BA /* PageContentView.swift */; };
		56797DA220085793000F61BA /* UIColor-Extension.swift in Sources */ = {isa = PBXBuildFile; fileRef = 56797DA120085793000F61BA /* UIColor-Extension.swift */; };
		56797DA42008A7D5000F61BA /* RecommendViewController.swift in Sources */ = {isa = PBXBuildFile; fileRef = 56797DA32008A7D5000F61BA /* RecommendViewController.swift */; };
/* End PBXBuildFile section */

/* Begin PBXFileReference section */
		5673F2432007166200F7136E /* DYZB.app */ = {isa = PBXFileReference; explicitFileType = wrapper.application; includeInIndex = 0; path = DYZB.app; sourceTree = BUILT_PRODUCTS_DIR; };
		5673F2462007166200F7136E /* AppDelegate.swift */ = {isa = PBXFileReference; lastKnownFileType = sourcecode.swift; path = AppDelegate.swift; sourceTree = "<group>"; };
		5673F24B2007166200F7136E /* Base */ = {isa = PBXFileReference; lastKnownFileType = file.storyboard; name = Base; path = Base.lproj/Main.storyboard; sourceTree = "<group>"; };
		5673F24D2007166200F7136E /* Assets.xcassets */ = {isa = PBXFileReference; lastKnownFileType = folder.assetcatalog; path = Assets.xcassets; sourceTree = "<group>"; };
		5673F2502007166200F7136E /* Base */ = {isa = PBXFileReference; lastKnownFileType = file.storyboard; name = Base; path = Base.lproj/LaunchScreen.storyboard; sourceTree = "<group>"; };
		5673F2522007166200F7136E /* Info.plist */ = {isa = PBXFileReference; lastKnownFileType = text.plist.xml; path = Info.plist; sourceTree = "<group>"; };
		5673F26920073D7E00F7136E /* MainViewController.swift */ = {isa = PBXFileReference; lastKnownFileType = sourcecode.swift; path = MainViewController.swift; sourceTree = "<group>"; };
		5673F26C20073E8600F7136E /* Base */ = {isa = PBXFileReference; lastKnownFileType = file.storyboard; name = Base; path = DYZB/Classes/Main/Base.lproj/Home.storyboard; sourceTree = "<group>"; };
		5673F26E20073EA700F7136E /* Live.storyboard */ = {isa = PBXFileReference; fileEncoding = 4; lastKnownFileType = file.storyboard; path = Live.storyboard; sourceTree = "<group>"; };
		5673F27120073EC800F7136E /* Base */ = {isa = PBXFileReference; lastKnownFileType = file.storyboard; name = Base; path = DYZB/Classes/Main/Base.lproj/Follow.storyboard; sourceTree = "<group>"; };
		5673F27320073EDB00F7136E /* Profile.storyboard */ = {isa = PBXFileReference; fileEncoding = 4; lastKnownFileType = file.storyboard; path = Profile.storyboard; sourceTree = "<group>"; };
		5673F2782007529E00F7136E /* HomeViewController.swift */ = {isa = PBXFileReference; lastKnownFileType = sourcecode.swift; path = HomeViewController.swift; sourceTree = "<group>"; };
		5673F27D2007594800F7136E /* UIBarButtonItem-Extension.swift */ = {isa = PBXFileReference; lastKnownFileType = sourcecode.swift; path = "UIBarButtonItem-Extension.swift"; sourceTree = "<group>"; };
		5673F27F200766DD00F7136E /* PageTitleView.swift */ = {isa = PBXFileReference; lastKnownFileType = sourcecode.swift; path = PageTitleView.swift; sourceTree = "<group>"; };
		5673F2812007689500F7136E /* Common.swift */ = {isa = PBXFileReference; lastKnownFileType = sourcecode.swift; path = Common.swift; sourceTree = "<group>"; };
		56797D9F20084619000F61BA /* PageContentView.swift */ = {isa = PBXFileReference; lastKnownFileType = sourcecode.swift; path = PageContentView.swift; sourceTree = "<group>"; };
		56797DA120085793000F61BA /* UIColor-Extension.swift */ = {isa = PBXFileReference; lastKnownFileType = sourcecode.swift; path = "UIColor-Extension.swift"; sourceTree = "<group>"; };
		56797DA32008A7D5000F61BA /* RecommendViewController.swift */ = {isa = PBXFileReference; lastKnownFileType = sourcecode.swift; path = RecommendViewController.swift; sourceTree = "<group>"; };
/* End PBXFileReference section */

/* Begin PBXFrameworksBuildPhase section */
		5673F2402007166200F7136E /* Frameworks */ = {
			isa = PBXFrameworksBuildPhase;
			buildActionMask = 2147483647;
			files = (
			);
			runOnlyForDeploymentPostprocessing = 0;
		};
/* End PBXFrameworksBuildPhase section */

/* Begin PBXGroup section */
		5673F23A2007166200F7136E = {
			isa = PBXGroup;
			children = (
				5673F2452007166200F7136E /* DYZB */,
				5673F2442007166200F7136E /* Products */,
			);
			sourceTree = "<group>";
		};
		5673F2442007166200F7136E /* Products */ = {
			isa = PBXGroup;
			children = (
				5673F2432007166200F7136E /* DYZB.app */,
			);
			name = Products;
			sourceTree = "<group>";
		};
		5673F2452007166200F7136E /* DYZB */ = {
			isa = PBXGroup;
			children = (
				5673F2582007380700F7136E /* Classes */,
				5673F2462007166200F7136E /* AppDelegate.swift */,
				5673F24D2007166200F7136E /* Assets.xcassets */,
				5673F24F2007166200F7136E /* LaunchScreen.storyboard */,
				5673F2522007166200F7136E /* Info.plist */,
			);
			path = DYZB;
			sourceTree = "<group>";
		};
		5673F2582007380700F7136E /* Classes */ = {
			isa = PBXGroup;
			children = (
				5673F27720073F1800F7136E /* Live */,
				5673F27620073F0F00F7136E /* Follow */,
				5673F27520073F0400F7136E /* Profile */,
				5673F2592007380700F7136E /* Home */,
				5673F25E2007380700F7136E /* Main */,
				5673F2632007380700F7136E /* Room */,
				5673F2682007380700F7136E /* Tools */,
			);
			path = Classes;
			sourceTree = "<group>";
		};
		5673F2592007380700F7136E /* Home */ = {
			isa = PBXGroup;
			children = (
				5673F25A2007380700F7136E /* Controller */,
				5673F25B2007380700F7136E /* Model */,
				5673F25C2007380700F7136E /* View */,
				5673F25D2007380700F7136E /* ViewModel */,
			);
			path = Home;
			sourceTree = "<group>";
		};
		5673F25A2007380700F7136E /* Controller */ = {
			isa = PBXGroup;
			children = (
				5673F26B20073E8600F7136E /* Home.storyboard */,
				5673F2782007529E00F7136E /* HomeViewController.swift */,
				56797DA32008A7D5000F61BA /* RecommendViewController.swift */,
			);
			path = Controller;
			sourceTree = "<group>";
		};
		5673F25B2007380700F7136E /* Model */ = {
			isa = PBXGroup;
			children = (
			);
			path = Model;
			sourceTree = "<group>";
		};
		5673F25C2007380700F7136E /* View */ = {
			isa = PBXGroup;
			children = (
			);
			path = View;
			sourceTree = "<group>";
		};
		5673F25D2007380700F7136E /* ViewModel */ = {
			isa = PBXGroup;
			children = (
			);
			path = ViewModel;
			sourceTree = "<group>";
		};
		5673F25E2007380700F7136E /* Main */ = {
			isa = PBXGroup;
			children = (
				5673F25F2007380700F7136E /* Controller */,
				5673F2602007380700F7136E /* Model */,
				5673F2612007380700F7136E /* View */,
				5673F2622007380700F7136E /* ViewModel */,
			);
			path = Main;
			sourceTree = "<group>";
		};
		5673F25F2007380700F7136E /* Controller */ = {
			isa = PBXGroup;
			children = (
				5673F24A2007166200F7136E /* Main.storyboard */,
				5673F26920073D7E00F7136E /* MainViewController.swift */,
			);
			path = Controller;
			sourceTree = "<group>";
		};
		5673F2602007380700F7136E /* Model */ = {
			isa = PBXGroup;
			children = (
			);
			path = Model;
			sourceTree = "<group>";
		};
		5673F2612007380700F7136E /* View */ = {
			isa = PBXGroup;
			children = (
				5673F27F200766DD00F7136E /* PageTitleView.swift */,
				56797D9F20084619000F61BA /* PageContentView.swift */,
			);
			path = View;
			sourceTree = "<group>";
		};
		5673F2622007380700F7136E /* ViewModel */ = {
			isa = PBXGroup;
			children = (
			);
			path = ViewModel;
			sourceTree = "<group>";
		};
		5673F2632007380700F7136E /* Room */ = {
			isa = PBXGroup;
			children = (
				5673F2642007380700F7136E /* Controller */,
				5673F2652007380700F7136E /* Model */,
				5673F2662007380700F7136E /* View */,
				5673F2672007380700F7136E /* ViewModel */,
			);
			path = Room;
			sourceTree = "<group>";
		};
		5673F2642007380700F7136E /* Controller */ = {
			isa = PBXGroup;
			children = (
			);
			path = Controller;
			sourceTree = "<group>";
		};
		5673F2652007380700F7136E /* Model */ = {
			isa = PBXGroup;
			children = (
			);
			path = Model;
			sourceTree = "<group>";
		};
		5673F2662007380700F7136E /* View */ = {
			isa = PBXGroup;
			children = (
			);
			path = View;
			sourceTree = "<group>";
		};
		5673F2672007380700F7136E /* ViewModel */ = {
			isa = PBXGroup;
			children = (
			);
			path = ViewModel;
			sourceTree = "<group>";
		};
		5673F2682007380700F7136E /* Tools */ = {
			isa = PBXGroup;
			children = (
				5673F27A2007557A00F7136E /* Extension */,
				5673F2812007689500F7136E /* Common.swift */,
			);
			path = Tools;
			sourceTree = "<group>";
		};
		5673F27520073F0400F7136E /* Profile */ = {
			isa = PBXGroup;
			children = (
				5673F27320073EDB00F7136E /* Profile.storyboard */,
			);
			path = Profile;
			sourceTree = "<group>";
		};
		5673F27620073F0F00F7136E /* Follow */ = {
			isa = PBXGroup;
			children = (
				5673F27020073EC800F7136E /* Follow.storyboard */,
			);
			path = Follow;
			sourceTree = "<group>";
		};
		5673F27720073F1800F7136E /* Live */ = {
			isa = PBXGroup;
			children = (
				5673F26E20073EA700F7136E /* Live.storyboard */,
			);
			path = Live;
			sourceTree = "<group>";
		};
		5673F27A2007557A00F7136E /* Extension */ = {
			isa = PBXGroup;
			children = (
				5673F27D2007594800F7136E /* UIBarButtonItem-Extension.swift */,
				56797DA120085793000F61BA /* UIColor-Extension.swift */,
			);
			path = Extension;
			sourceTree = "<group>";
		};
/* End PBXGroup section */

/* Begin PBXNativeTarget section */
		5673F2422007166200F7136E /* DYZB */ = {
			isa = PBXNativeTarget;
			buildConfigurationList = 5673F2552007166200F7136E /* Build configuration list for PBXNativeTarget "DYZB" */;
			buildPhases = (
				5673F23F2007166200F7136E /* Sources */,
				5673F2402007166200F7136E /* Frameworks */,
				5673F2412007166200F7136E /* Resources */,
			);
			buildRules = (
			);
			dependencies = (
			);
			name = DYZB;
			productName = DYZB;
			productReference = 5673F2432007166200F7136E /* DYZB.app */;
			productType = "com.apple.product-type.application";
		};
/* End PBXNativeTarget section */

/* Begin PBXProject section */
		5673F23B2007166200F7136E /* Project object */ = {
			isa = PBXProject;
			attributes = {
				LastSwiftUpdateCheck = 0910;
				LastUpgradeCheck = 0910;
				TargetAttributes = {
					5673F2422007166200F7136E = {
						CreatedOnToolsVersion = 9.1;
						ProvisioningStyle = Automatic;
					};
				};
			};
			buildConfigurationList = 5673F23E2007166200F7136E /* Build configuration list for PBXProject "DYZB" */;
			compatibilityVersion = "Xcode 8.0";
			developmentRegion = en;
			hasScannedForEncodings = 0;
			knownRegions = (
				en,
				Base,
			);
			mainGroup = 5673F23A2007166200F7136E;
			productRefGroup = 5673F2442007166200F7136E /* Products */;
			projectDirPath = "";
			projectRoot = "";
			targets = (
				5673F2422007166200F7136E /* DYZB */,
			);
		};
/* End PBXProject section */

/* Begin PBXResourcesBuildPhase section */
		5673F2412007166200F7136E /* Resources */ = {
			isa = PBXResourcesBuildPhase;
			buildActionMask = 2147483647;
			files = (
				5673F2512007166200F7136E /* LaunchScreen.storyboard in Resources */,
				5673F24E2007166200F7136E /* Assets.xcassets in Resources */,
				5673F24C2007166200F7136E /* Main.storyboard in Resources */,
				5673F26F20073EA700F7136E /* Live.storyboard in Resources */,
				5673F26D20073E8600F7136E /* Home.storyboard in Resources */,
				5673F27420073EDB00F7136E /* Profile.storyboard in Resources */,
				5673F27220073EC800F7136E /* Follow.storyboard in Resources */,
			);
			runOnlyForDeploymentPostprocessing = 0;
		};
/* End PBXResourcesBuildPhase section */

/* Begin PBXSourcesBuildPhase section */
		5673F23F2007166200F7136E /* Sources */ = {
			isa = PBXSourcesBuildPhase;
			buildActionMask = 2147483647;
			files = (
				5673F2472007166200F7136E /* AppDelegate.swift in Sources */,
				56797DA220085793000F61BA /* UIColor-Extension.swift in Sources */,
				56797DA42008A7D5000F61BA /* RecommendViewController.swift in Sources */,
				5673F26A20073D7E00F7136E /* MainViewController.swift in Sources */,
				5673F280200766DD00F7136E /* PageTitleView.swift in Sources */,
				56797DA020084619000F61BA /* PageContentView.swift in Sources */,
				5673F27E2007594800F7136E /* UIBarButtonItem-Extension.swift in Sources */,
				5673F2822007689500F7136E /* Common.swift in Sources */,
				5673F2792007529E00F7136E /* HomeViewController.swift in Sources */,
			);
			runOnlyForDeploymentPostprocessing = 0;
		};
/* End PBXSourcesBuildPhase section */

/* Begin PBXVariantGroup section */
		5673F24A2007166200F7136E /* Main.storyboard */ = {
			isa = PBXVariantGroup;
			children = (
				5673F24B2007166200F7136E /* Base */,
			);
			name = Main.storyboard;
			sourceTree = "<group>";
		};
		5673F24F2007166200F7136E /* LaunchScreen.storyboard */ = {
			isa = PBXVariantGroup;
			children = (
				5673F2502007166200F7136E /* Base */,
			);
			name = LaunchScreen.storyboard;
			sourceTree = "<group>";
		};
		5673F26B20073E8600F7136E /* Home.storyboard */ = {
			isa = PBXVariantGroup;
			children = (
				5673F26C20073E8600F7136E /* Base */,
			);
			name = Home.storyboard;
			sourceTree = "<group>";
		};
		5673F27020073EC800F7136E /* Follow.storyboard */ = {
			isa = PBXVariantGroup;
			children = (
				5673F27120073EC800F7136E /* Base */,
			);
			name = Follow.storyboard;
			sourceTree = "<group>";
		};
/* End PBXVariantGroup section */

/* Begin XCBuildConfiguration section */
		5673F2532007166200F7136E /* Debug */ = {
			isa = XCBuildConfiguration;
			buildSettings = {
				ALWAYS_SEARCH_USER_PATHS = NO;
				CLANG_ANALYZER_NONNULL = YES;
				CLANG_ANALYZER_NUMBER_OBJECT_CONVERSION = YES_AGGRESSIVE;
				CLANG_CXX_LANGUAGE_STANDARD = "gnu++14";
				CLANG_CXX_LIBRARY = "libc++";
				CLANG_ENABLE_MODULES = YES;
				CLANG_ENABLE_OBJC_ARC = YES;
				CLANG_WARN_BLOCK_CAPTURE_AUTORELEASING = YES;
				CLANG_WARN_BOOL_CONVERSION = YES;
				CLANG_WARN_COMMA = YES;
				CLANG_WARN_CONSTANT_CONVERSION = YES;
				CLANG_WARN_DIRECT_OBJC_ISA_USAGE = YES_ERROR;
				CLANG_WARN_DOCUMENTATION_COMMENTS = YES;
				CLANG_WARN_EMPTY_BODY = YES;
				CLANG_WARN_ENUM_CONVERSION = YES;
				CLANG_WARN_INFINITE_RECURSION = YES;
				CLANG_WARN_INT_CONVERSION = YES;
				CLANG_WARN_NON_LITERAL_NULL_CONVERSION = YES;
				CLANG_WARN_OBJC_LITERAL_CONVERSION = YES;
				CLANG_WARN_OBJC_ROOT_CLASS = YES_ERROR;
				CLANG_WARN_RANGE_LOOP_ANALYSIS = YES;
				CLANG_WARN_STRICT_PROTOTYPES = YES;
				CLANG_WARN_SUSPICIOUS_MOVE = YES;
				CLANG_WARN_UNGUARDED_AVAILABILITY = YES_AGGRESSIVE;
				CLANG_WARN_UNREACHABLE_CODE = YES;
				CLANG_WARN__DUPLICATE_METHOD_MATCH = YES;
				CODE_SIGN_IDENTITY = "iPhone Developer";
				COPY_PHASE_STRIP = NO;
				DEBUG_INFORMATION_FORMAT = dwarf;
				ENABLE_STRICT_OBJC_MSGSEND = YES;
				ENABLE_TESTABILITY = YES;
				GCC_C_LANGUAGE_STANDARD = gnu11;
				GCC_DYNAMIC_NO_PIC = NO;
				GCC_NO_COMMON_BLOCKS = YES;
				GCC_OPTIMIZATION_LEVEL = 0;
				GCC_PREPROCESSOR_DEFINITIONS = (
					"DEBUG=1",
					"$(inherited)",
				);
				GCC_WARN_64_TO_32_BIT_CONVERSION = YES;
				GCC_WARN_ABOUT_RETURN_TYPE = YES_ERROR;
				GCC_WARN_UNDECLARED_SELECTOR = YES;
				GCC_WARN_UNINITIALIZED_AUTOS = YES_AGGRESSIVE;
				GCC_WARN_UNUSED_FUNCTION = YES;
				GCC_WARN_UNUSED_VARIABLE = YES;
				IPHONEOS_DEPLOYMENT_TARGET = 11.1;
				MTL_ENABLE_DEBUG_INFO = YES;
				ONLY_ACTIVE_ARCH = YES;
				SDKROOT = iphoneos;
				SWIFT_ACTIVE_COMPILATION_CONDITIONS = DEBUG;
				SWIFT_OPTIMIZATION_LEVEL = "-Onone";
			};
			name = Debug;
		};
		5673F2542007166200F7136E /* Release */ = {
			isa = XCBuildConfiguration;
			buildSettings = {
				ALWAYS_SEARCH_USER_PATHS = NO;
				CLANG_ANALYZER_NONNULL = YES;
				CLANG_ANALYZER_NUMBER_OBJECT_CONVERSION = YES_AGGRESSIVE;
				CLANG_CXX_LANGUAGE_STANDARD = "gnu++14";
				CLANG_CXX_LIBRARY = "libc++";
				CLANG_ENABLE_MODULES = YES;
				CLANG_ENABLE_OBJC_ARC = YES;
				CLANG_WARN_BLOCK_CAPTURE_AUTORELEASING = YES;
				CLANG_WARN_BOOL_CONVERSION = YES;
				CLANG_WARN_COMMA = YES;
				CLANG_WARN_CONSTANT_CONVERSION = YES;
				CLANG_WARN_DIRECT_OBJC_ISA_USAGE = YES_ERROR;
				CLANG_WARN_DOCUMENTATION_COMMENTS = YES;
				CLANG_WARN_EMPTY_BODY = YES;
				CLANG_WARN_ENUM_CONVERSION = YES;
				CLANG_WARN_INFINITE_RECURSION = YES;
				CLANG_WARN_INT_CONVERSION = YES;
				CLANG_WARN_NON_LITERAL_NULL_CONVERSION = YES;
				CLANG_WARN_OBJC_LITERAL_CONVERSION = YES;
				CLANG_WARN_OBJC_ROOT_CLASS = YES_ERROR;
				CLANG_WARN_RANGE_LOOP_ANALYSIS = YES;
				CLANG_WARN_STRICT_PROTOTYPES = YES;
				CLANG_WARN_SUSPICIOUS_MOVE = YES;
				CLANG_WARN_UNGUARDED_AVAILABILITY = YES_AGGRESSIVE;
				CLANG_WARN_UNREACHABLE_CODE = YES;
				CLANG_WARN__DUPLICATE_METHOD_MATCH = YES;
				CODE_SIGN_IDENTITY = "iPhone Developer";
				COPY_PHASE_STRIP = NO;
				DEBUG_INFORMATION_FORMAT = "dwarf-with-dsym";
				ENABLE_NS_ASSERTIONS = NO;
				ENABLE_STRICT_OBJC_MSGSEND = YES;
				GCC_C_LANGUAGE_STANDARD = gnu11;
				GCC_NO_COMMON_BLOCKS = YES;
				GCC_WARN_64_TO_32_BIT_CONVERSION = YES;
				GCC_WARN_ABOUT_RETURN_TYPE = YES_ERROR;
				GCC_WARN_UNDECLARED_SELECTOR = YES;
				GCC_WARN_UNINITIALIZED_AUTOS = YES_AGGRESSIVE;
				GCC_WARN_UNUSED_FUNCTION = YES;
				GCC_WARN_UNUSED_VARIABLE = YES;
				IPHONEOS_DEPLOYMENT_TARGET = 11.1;
				MTL_ENABLE_DEBUG_INFO = NO;
				SDKROOT = iphoneos;
				SWIFT_OPTIMIZATION_LEVEL = "-Owholemodule";
				VALIDATE_PRODUCT = YES;
			};
			name = Release;
		};
		5673F2562007166200F7136E /* Debug */ = {
			isa = XCBuildConfiguration;
			buildSettings = {
				ASSETCATALOG_COMPILER_APPICON_NAME = AppIcon;
				ASSETCATALOG_COMPILER_LAUNCHIMAGE_NAME = LaunchImage;
				CODE_SIGN_STYLE = Automatic;
				DEVELOPMENT_TEAM = W5NMGQT6A5;
				INFOPLIST_FILE = DYZB/Info.plist;
				IPHONEOS_DEPLOYMENT_TARGET = 9.0;
				LD_RUNPATH_SEARCH_PATHS = "$(inherited) @executable_path/Frameworks";
				PRODUCT_BUNDLE_IDENTIFIER = xiaochen.DYZB;
				PRODUCT_NAME = "$(TARGET_NAME)";
				SWIFT_VERSION = 4.0;
				TARGETED_DEVICE_FAMILY = 1;
			};
			name = Debug;
		};
		5673F2572007166200F7136E /* Release */ = {
			isa = XCBuildConfiguration;
			buildSettings = {
				ASSETCATALOG_COMPILER_APPICON_NAME = AppIcon;
				ASSETCATALOG_COMPILER_LAUNCHIMAGE_NAME = LaunchImage;
				CODE_SIGN_STYLE = Automatic;
				DEVELOPMENT_TEAM = W5NMGQT6A5;
				INFOPLIST_FILE = DYZB/Info.plist;
				IPHONEOS_DEPLOYMENT_TARGET = 9.0;
				LD_RUNPATH_SEARCH_PATHS = "$(inherited) @executable_path/Frameworks";
				PRODUCT_BUNDLE_IDENTIFIER = xiaochen.DYZB;
				PRODUCT_NAME = "$(TARGET_NAME)";
				SWIFT_VERSION = 4.0;
				TARGETED_DEVICE_FAMILY = 1;
			};
			name = Release;
		};
/* End XCBuildConfiguration section */

/* Begin XCConfigurationList section */
		5673F23E2007166200F7136E /* Build configuration list for PBXProject "DYZB" */ = {
			isa = XCConfigurationList;
			buildConfigurations = (
				5673F2532007166200F7136E /* Debug */,
				5673F2542007166200F7136E /* Release */,
			);
			defaultConfigurationIsVisible = 0;
			defaultConfigurationName = Release;
		};
		5673F2552007166200F7136E /* Build configuration list for PBXNativeTarget "DYZB" */ = {
			isa = XCConfigurationList;
			buildConfigurations = (
				5673F2562007166200F7136E /* Debug */,
				5673F2572007166200F7136E /* Release */,
			);
			defaultConfigurationIsVisible = 0;
			defaultConfigurationName = Release;
		};
/* End XCConfigurationList section */
	};
	rootObject = 5673F23B2007166200F7136E /* Project object */;
}
